
Microsoft Visual Studio Solution File, Format Version 12.00
# Visual Studio Version 17
VisualStudioVersion = 17.0.31903.59
MinimumVisualStudioVersion = 10.0.40219.1
Project("{FAE04EC0-301F-11D3-BF4B-00C04F79EFBC}") = "API", "API\API.csproj", "{7FAA5D72-5C2D-48E5-BADB-DE695F093744}"
EndProject
Project("{FAE04EC0-301F-11D3-BF4B-00C04F79EFBC}") = "Infrastructure", "Infrastructure\Infrastructure.csproj", "{9E653B4D-B835-497B-ADC1-88AE0A4E41D5}"
EndProject
Project("{FAE04EC0-301F-11D3-BF4B-00C04F79EFBC}") = "Core", "Core\Core.csproj", "{0EB4A06A-34F0-4D12-9728-2CBD7A0714E0}"
EndProject
Global
	GlobalSection(SolutionConfigurationPlatforms) = preSolution
		Debug|Any CPU = Debug|Any CPU
		Release|Any CPU = Release|Any CPU
	EndGlobalSection
	GlobalSection(SolutionProperties) = preSolution
		HideSolutionNode = FALSE
	EndGlobalSection
	GlobalSection(ProjectConfigurationPlatforms) = postSolution
		{7FAA5D72-5C2D-48E5-BADB-DE695F093744}.Debug|Any CPU.ActiveCfg = Debug|Any CPU
		{7FAA5D72-5C2D-48E5-BADB-DE695F093744}.Debug|Any CPU.Build.0 = Debug|Any CPU
		{7FAA5D72-5C2D-48E5-BADB-DE695F093744}.Release|Any CPU.ActiveCfg = Release|Any CPU
		{7FAA5D72-5C2D-48E5-BADB-DE695F093744}.Release|Any CPU.Build.0 = Release|Any CPU
		{9E653B4D-B835-497B-ADC1-88AE0A4E41D5}.Debug|Any CPU.ActiveCfg = Debug|Any CPU
		{9E653B4D-B835-497B-ADC1-88AE0A4E41D5}.Debug|Any CPU.Build.0 = Debug|Any CPU
		{9E653B4D-B835-497B-ADC1-88AE0A4E41D5}.Release|Any CPU.ActiveCfg = Release|Any CPU
		{9E653B4D-B835-497B-ADC1-88AE0A4E41D5}.Release|Any CPU.Build.0 = Release|Any CPU
		{0EB4A06A-34F0-4D12-9728-2CBD7A0714E0}.Debug|Any CPU.ActiveCfg = Debug|Any CPU
		{0EB4A06A-34F0-4D12-9728-2CBD7A0714E0}.Debug|Any CPU.Build.0 = Debug|Any CPU
		{0EB4A06A-34F0-4D12-9728-2CBD7A0714E0}.Release|Any CPU.ActiveCfg = Release|Any CPU
		{0EB4A06A-34F0-4D12-9728-2CBD7A0714E0}.Release|Any CPU.Build.0 = Release|Any CPU
	EndGlobalSection
EndGlobal
